
Microsoft Visual Studio Solution File, Format Version 12.00
# Visual Studio Version 17
VisualStudioVersion = 17.11.35312.102
MinimumVisualStudioVersion = 10.0.40219.1
Project("{F184B08F-C81C-45F6-A57F-5ABD9991F28F}") = "sVB.IDE", "SmallBasicIDE\sVB.IDE.vbproj", "{68E74CFA-5363-004D-0179-D6FBCD47FA49}"
EndProject
Project("{F184B08F-C81C-45F6-A57F-5ABD9991F28F}") = "DiagramHelper", "DiagramHelper\DiagramHelper.vbproj", "{1502A593-20A7-4781-88D5-9FFC87489424}"
EndProject
Project("{F184B08F-C81C-45F6-A57F-5ABD9991F28F}") = "LangServices", "LangServices\LangServices.vbproj", "{A76620D4-A63C-4221-9FDC-D44C0CDD9B9F}"
EndProject
Project("{F184B08F-C81C-45F6-A57F-5ABD9991F28F}") = "sVB.Compiler", "SBCompiler\SBCompiler\sVB.Compiler.vbproj", "{C35B1C89-A93E-43FF-8608-7C8274562A87}"
EndProject
Project("{778DAE3C-4631-46EA-AA77-85C1314464D9}") = "sVB.Library", "SmallBasicLibrary\sVB.Library.vbproj", "{3A782B43-424C-4023-A24F-58AC371E18BD}"
EndProject
Project("{778DAE3C-4631-46EA-AA77-85C1314464D9}") = "ToolFramework", "ToolFramework\ToolFramework.vbproj", "{B4AC009E-626F-47E8-AF2F-9529687DF991}"
EndProject
Project("{F184B08F-C81C-45F6-A57F-5ABD9991F28F}") = "WpfDialogs", "WpfDialogs\WpfDialogs.vbproj", "{C80161CE-9098-4AF6-BCF9-39DD675B444C}"
EndProject
Project("{54435603-DBB4-11D2-8724-00A0C9A8B90C}") = "sVBInstaller", "sVBInstaller\sVBInstaller.vdproj", "{105A935D-EDC5-4EED-ADDF-6F4F296C5037}"
EndProject
Global
	GlobalSection(SolutionConfigurationPlatforms) = preSolution
		Debug|Any CPU = Debug|Any CPU
		Debug|x86 = Debug|x86
		Release|Any CPU = Release|Any CPU
		Release|x86 = Release|x86
	EndGlobalSection
	GlobalSection(ProjectConfigurationPlatforms) = postSolution
		{68E74CFA-5363-004D-0179-D6FBCD47FA49}.Debug|Any CPU.ActiveCfg = Debug|Any CPU
		{68E74CFA-5363-004D-0179-D6FBCD47FA49}.Debug|Any CPU.Build.0 = Debug|Any CPU
		{68E74CFA-5363-004D-0179-D6FBCD47FA49}.Debug|x86.ActiveCfg = Debug|x86
		{68E74CFA-5363-004D-0179-D6FBCD47FA49}.Debug|x86.Build.0 = Debug|x86
		{68E74CFA-5363-004D-0179-D6FBCD47FA49}.Release|Any CPU.ActiveCfg = Release|Any CPU
		{68E74CFA-5363-004D-0179-D6FBCD47FA49}.Release|Any CPU.Build.0 = Release|Any CPU
		{68E74CFA-5363-004D-0179-D6FBCD47FA49}.Release|x86.ActiveCfg = Release|x86
		{68E74CFA-5363-004D-0179-D6FBCD47FA49}.Release|x86.Build.0 = Release|x86
		{1502A593-20A7-4781-88D5-9FFC87489424}.Debug|Any CPU.ActiveCfg = Debug|Any CPU
		{1502A593-20A7-4781-88D5-9FFC87489424}.Debug|Any CPU.Build.0 = Debug|Any CPU
		{1502A593-20A7-4781-88D5-9FFC87489424}.Debug|x86.ActiveCfg = Debug|x86
		{1502A593-20A7-4781-88D5-9FFC87489424}.Debug|x86.Build.0 = Debug|x86
		{1502A593-20A7-4781-88D5-9FFC87489424}.Release|Any CPU.ActiveCfg = Release|Any CPU
		{1502A593-20A7-4781-88D5-9FFC87489424}.Release|Any CPU.Build.0 = Release|Any CPU
		{1502A593-20A7-4781-88D5-9FFC87489424}.Release|x86.ActiveCfg = Release|x86
		{1502A593-20A7-4781-88D5-9FFC87489424}.Release|x86.Build.0 = Release|x86
		{A76620D4-A63C-4221-9FDC-D44C0CDD9B9F}.Debug|Any CPU.ActiveCfg = Debug|Any CPU
		{A76620D4-A63C-4221-9FDC-D44C0CDD9B9F}.Debug|Any CPU.Build.0 = Debug|Any CPU
		{A76620D4-A63C-4221-9FDC-D44C0CDD9B9F}.Debug|x86.ActiveCfg = Debug|x86
		{A76620D4-A63C-4221-9FDC-D44C0CDD9B9F}.Debug|x86.Build.0 = Debug|x86
		{A76620D4-A63C-4221-9FDC-D44C0CDD9B9F}.Release|Any CPU.ActiveCfg = Release|Any CPU
		{A76620D4-A63C-4221-9FDC-D44C0CDD9B9F}.Release|Any CPU.Build.0 = Release|Any CPU
		{A76620D4-A63C-4221-9FDC-D44C0CDD9B9F}.Release|x86.ActiveCfg = Release|x86
		{A76620D4-A63C-4221-9FDC-D44C0CDD9B9F}.Release|x86.Build.0 = Release|x86
		{C35B1C89-A93E-43FF-8608-7C8274562A87}.Debug|Any CPU.ActiveCfg = Debug|Any CPU
		{C35B1C89-A93E-43FF-8608-7C8274562A87}.Debug|Any CPU.Build.0 = Debug|Any CPU
		{C35B1C89-A93E-43FF-8608-7C8274562A87}.Debug|x86.ActiveCfg = Debug|x86
		{C35B1C89-A93E-43FF-8608-7C8274562A87}.Debug|x86.Build.0 = Debug|x86
		{C35B1C89-A93E-43FF-8608-7C8274562A87}.Release|Any CPU.ActiveCfg = Release|Any CPU
		{C35B1C89-A93E-43FF-8608-7C8274562A87}.Release|Any CPU.Build.0 = Release|Any CPU
		{C35B1C89-A93E-43FF-8608-7C8274562A87}.Release|x86.ActiveCfg = Release|x86
		{C35B1C89-A93E-43FF-8608-7C8274562A87}.Release|x86.Build.0 = Release|x86
		{3A782B43-424C-4023-A24F-58AC371E18BD}.Debug|Any CPU.ActiveCfg = Debug|Any CPU
		{3A782B43-424C-4023-A24F-58AC371E18BD}.Debug|Any CPU.Build.0 = Debug|Any CPU
		{3A782B43-424C-4023-A24F-58AC371E18BD}.Debug|x86.ActiveCfg = Debug|x86
		{3A782B43-424C-4023-A24F-58AC371E18BD}.Debug|x86.Build.0 = Debug|x86
		{3A782B43-424C-4023-A24F-58AC371E18BD}.Release|Any CPU.ActiveCfg = Release|Any CPU
		{3A782B43-424C-4023-A24F-58AC371E18BD}.Release|Any CPU.Build.0 = Release|Any CPU
		{3A782B43-424C-4023-A24F-58AC371E18BD}.Release|x86.ActiveCfg = Release|x86
		{3A782B43-424C-4023-A24F-58AC371E18BD}.Release|x86.Build.0 = Release|x86
		{B4AC009E-626F-47E8-AF2F-9529687DF991}.Debug|Any CPU.ActiveCfg = Debug|Any CPU
		{B4AC009E-626F-47E8-AF2F-9529687DF991}.Debug|Any CPU.Build.0 = Debug|Any CPU
		{B4AC009E-626F-47E8-AF2F-9529687DF991}.Debug|x86.ActiveCfg = Debug|x86
		{B4AC009E-626F-47E8-AF2F-9529687DF991}.Debug|x86.Build.0 = Debug|x86
		{B4AC009E-626F-47E8-AF2F-9529687DF991}.Release|Any CPU.ActiveCfg = Release|Any CPU
		{B4AC009E-626F-47E8-AF2F-9529687DF991}.Release|Any CPU.Build.0 = Release|Any CPU
		{B4AC009E-626F-47E8-AF2F-9529687DF991}.Release|x86.ActiveCfg = Release|x86
		{B4AC009E-626F-47E8-AF2F-9529687DF991}.Release|x86.Build.0 = Release|x86
		{C80161CE-9098-4AF6-BCF9-39DD675B444C}.Debug|Any CPU.ActiveCfg = Debug|Any CPU
		{C80161CE-9098-4AF6-BCF9-39DD675B444C}.Debug|Any CPU.Build.0 = Debug|Any CPU
		{C80161CE-9098-4AF6-BCF9-39DD675B444C}.Debug|x86.ActiveCfg = Debug|x86
		{C80161CE-9098-4AF6-BCF9-39DD675B444C}.Debug|x86.Build.0 = Debug|x86
		{C80161CE-9098-4AF6-BCF9-39DD675B444C}.Release|Any CPU.ActiveCfg = Release|Any CPU
		{C80161CE-9098-4AF6-BCF9-39DD675B444C}.Release|Any CPU.Build.0 = Release|Any CPU
		{C80161CE-9098-4AF6-BCF9-39DD675B444C}.Release|x86.ActiveCfg = Release|x86
		{C80161CE-9098-4AF6-BCF9-39DD675B444C}.Release|x86.Build.0 = Release|x86
		{105A935D-EDC5-4EED-ADDF-6F4F296C5037}.Debug|Any CPU.ActiveCfg = Debug
		{105A935D-EDC5-4EED-ADDF-6F4F296C5037}.Debug|x86.ActiveCfg = Debug
		{105A935D-EDC5-4EED-ADDF-6F4F296C5037}.Debug|x86.Build.0 = Debug
		{105A935D-EDC5-4EED-ADDF-6F4F296C5037}.Release|Any CPU.ActiveCfg = Release
		{105A935D-EDC5-4EED-ADDF-6F4F296C5037}.Release|x86.ActiveCfg = Release
		{105A935D-EDC5-4EED-ADDF-6F4F296C5037}.Release|x86.Build.0 = Release
	EndGlobalSection
	GlobalSection(SolutionProperties) = preSolution
		HideSolutionNode = FALSE
	EndGlobalSection
	GlobalSection(ExtensibilityGlobals) = postSolution
		SolutionGuid = {479B928A-7CA9-40F3-8902-7FD66B3FD780}
	EndGlobalSection
EndGlobal
