
Microsoft Visual Studio Solution File, Format Version 12.00
# Visual Studio Version 16
VisualStudioVersion = 16.0.30907.101
MinimumVisualStudioVersion = 10.0.40219.1
Project("{F184B08F-C81C-45F6-A57F-5ABD9991F28F}") = "SBCompiler", "SBCompiler\SBCompiler.vbproj", "{C35B1C89-A93E-43FF-8608-7C8274562A87}"
EndProject
Global
	GlobalSection(SolutionConfigurationPlatforms) = preSolution
		Debug|Any CPU = Debug|Any CPU
		Release|Any CPU = Release|Any CPU
	EndGlobalSection
	GlobalSection(ProjectConfigurationPlatforms) = postSolution
		{C35B1C89-A93E-43FF-8608-7C8274562A87}.Debug|Any CPU.ActiveCfg = Debug|Any CPU
		{C35B1C89-A93E-43FF-8608-7C8274562A87}.Debug|Any CPU.Build.0 = Debug|Any CPU
		{C35B1C89-A93E-43FF-8608-7C8274562A87}.Release|Any CPU.ActiveCfg = Release|Any CPU
		{C35B1C89-A93E-43FF-8608-7C8274562A87}.Release|Any CPU.Build.0 = Release|Any CPU
	EndGlobalSection
	GlobalSection(SolutionProperties) = preSolution
		HideSolutionNode = FALSE
	EndGlobalSection
	GlobalSection(ExtensibilityGlobals) = postSolution
		SolutionGuid = {CC701BDB-640A-4A22-8343-A2A29894F032}
	EndGlobalSection
EndGlobal
